// !$*UTF8*$!
{
	archiveVersion = 1;
	classes = {
	};
	objectVersion = 46;
	objects = {

/* Begin PBXBuildFile section */
		BB278D6966DF119049A29ED7 /* libPods.a in Frameworks */ = {isa = PBXBuildFile; fileRef = 50187580D5E0A554BF9A0260 /* libPods.a */; };
		DA15F2481D7DDCF7008E6310 /* main.m in Sources */ = {isa = PBXBuildFile; fileRef = DA15F2471D7DDCF7008E6310 /* main.m */; };
		DA15F24B1D7DDCF7008E6310 /* AppDelegate.m in Sources */ = {isa = PBXBuildFile; fileRef = DA15F24A1D7DDCF7008E6310 /* AppDelegate.m */; };
		DA15F2531D7DDCF7008E6310 /* Assets.xcassets in Resources */ = {isa = PBXBuildFile; fileRef = DA15F2521D7DDCF7008E6310 /* Assets.xcassets */; };
		DA15F2561D7DDCF7008E6310 /* LaunchScreen.storyboard in Resources */ = {isa = PBXBuildFile; fileRef = DA15F2541D7DDCF7008E6310 /* LaunchScreen.storyboard */; };
		DA15F2601D7DDD3F008E6310 /* LoginViewController.m in Sources */ = {isa = PBXBuildFile; fileRef = DA15F25F1D7DDD3F008E6310 /* LoginViewController.m */; };
		DA606CB51D7F55F400D9C58A /* PreviewViewController.m in Sources */ = {isa = PBXBuildFile; fileRef = DA606CB41D7F55F400D9C58A /* PreviewViewController.m */; };
		DA606CBA1D807F5800D9C58A /* ActionButton.m in Sources */ = {isa = PBXBuildFile; fileRef = DA606CB91D807F5800D9C58A /* ActionButton.m */; };
		DAC2896C1D81E96600B79731 /* VKLoginService.m in Sources */ = {isa = PBXBuildFile; fileRef = DAC2896B1D81E96600B79731 /* VKLoginService.m */; };
		DAC2896F1D81EE7300B79731 /* LoginService.m in Sources */ = {isa = PBXBuildFile; fileRef = DAC2896E1D81EE7300B79731 /* LoginService.m */; };
/* End PBXBuildFile section */

/* Begin PBXFileReference section */
		487F2124D6EA42FD1C37B227 /* Pods.debug.xcconfig */ = {isa = PBXFileReference; includeInIndex = 1; lastKnownFileType = text.xcconfig; name = Pods.debug.xcconfig; path = "Pods/Target Support Files/Pods/Pods.debug.xcconfig"; sourceTree = "<group>"; };
		50187580D5E0A554BF9A0260 /* libPods.a */ = {isa = PBXFileReference; explicitFileType = archive.ar; includeInIndex = 0; path = libPods.a; sourceTree = BUILT_PRODUCTS_DIR; };
		80A78955DBE9D7BBA8BA3008 /* Pods.release.xcconfig */ = {isa = PBXFileReference; includeInIndex = 1; lastKnownFileType = text.xcconfig; name = Pods.release.xcconfig; path = "Pods/Target Support Files/Pods/Pods.release.xcconfig"; sourceTree = "<group>"; };
		DA15F2431D7DDCF7008E6310 /* VKPhotoViewer.app */ = {isa = PBXFileReference; explicitFileType = wrapper.application; includeInIndex = 0; path = VKPhotoViewer.app; sourceTree = BUILT_PRODUCTS_DIR; };
		DA15F2471D7DDCF7008E6310 /* main.m */ = {isa = PBXFileReference; lastKnownFileType = sourcecode.c.objc; path = main.m; sourceTree = "<group>"; };
		DA15F2491D7DDCF7008E6310 /* AppDelegate.h */ = {isa = PBXFileReference; lastKnownFileType = sourcecode.c.h; path = AppDelegate.h; sourceTree = "<group>"; };
		DA15F24A1D7DDCF7008E6310 /* AppDelegate.m */ = {isa = PBXFileReference; lastKnownFileType = sourcecode.c.objc; path = AppDelegate.m; sourceTree = "<group>"; };
		DA15F2521D7DDCF7008E6310 /* Assets.xcassets */ = {isa = PBXFileReference; lastKnownFileType = folder.assetcatalog; path = Assets.xcassets; sourceTree = "<group>"; };
		DA15F2551D7DDCF7008E6310 /* Base */ = {isa = PBXFileReference; lastKnownFileType = file.storyboard; name = Base; path = Base.lproj/LaunchScreen.storyboard; sourceTree = "<group>"; };
		DA15F2571D7DDCF7008E6310 /* Info.plist */ = {isa = PBXFileReference; lastKnownFileType = text.plist.xml; path = Info.plist; sourceTree = "<group>"; };
		DA15F25E1D7DDD3F008E6310 /* LoginViewController.h */ = {isa = PBXFileReference; fileEncoding = 4; lastKnownFileType = sourcecode.c.h; name = LoginViewController.h; path = Controllers/LoginViewController.h; sourceTree = "<group>"; };
		DA15F25F1D7DDD3F008E6310 /* LoginViewController.m */ = {isa = PBXFileReference; fileEncoding = 4; lastKnownFileType = sourcecode.c.objc; name = LoginViewController.m; path = Controllers/LoginViewController.m; sourceTree = "<group>"; };
		DA606CB31D7F55F400D9C58A /* PreviewViewController.h */ = {isa = PBXFileReference; fileEncoding = 4; lastKnownFileType = sourcecode.c.h; name = PreviewViewController.h; path = Controllers/PreviewViewController.h; sourceTree = "<group>"; };
		DA606CB41D7F55F400D9C58A /* PreviewViewController.m */ = {isa = PBXFileReference; fileEncoding = 4; lastKnownFileType = sourcecode.c.objc; name = PreviewViewController.m; path = Controllers/PreviewViewController.m; sourceTree = "<group>"; };
		DA606CB81D807F5800D9C58A /* ActionButton.h */ = {isa = PBXFileReference; fileEncoding = 4; lastKnownFileType = sourcecode.c.h; name = ActionButton.h; path = Views/Button/ActionButton.h; sourceTree = "<group>"; };
		DA606CB91D807F5800D9C58A /* ActionButton.m */ = {isa = PBXFileReference; fileEncoding = 4; lastKnownFileType = sourcecode.c.objc; name = ActionButton.m; path = Views/Button/ActionButton.m; sourceTree = "<group>"; };
		DAC2896A1D81E96600B79731 /* VKLoginService.h */ = {isa = PBXFileReference; fileEncoding = 4; lastKnownFileType = sourcecode.c.h; name = VKLoginService.h; path = Services/LoginService/VKLoginService.h; sourceTree = "<group>"; };
		DAC2896B1D81E96600B79731 /* VKLoginService.m */ = {isa = PBXFileReference; fileEncoding = 4; lastKnownFileType = sourcecode.c.objc; name = VKLoginService.m; path = Services/LoginService/VKLoginService.m; sourceTree = "<group>"; };
		DAC2896D1D81EE7300B79731 /* LoginService.h */ = {isa = PBXFileReference; fileEncoding = 4; lastKnownFileType = sourcecode.c.h; name = LoginService.h; path = Services/LoginService/LoginService.h; sourceTree = "<group>"; };
		DAC2896E1D81EE7300B79731 /* LoginService.m */ = {isa = PBXFileReference; fileEncoding = 4; lastKnownFileType = sourcecode.c.objc; name = LoginService.m; path = Services/LoginService/LoginService.m; sourceTree = "<group>"; };
/* End PBXFileReference section */

/* Begin PBXFrameworksBuildPhase section */
		DA15F2401D7DDCF7008E6310 /* Frameworks */ = {
			isa = PBXFrameworksBuildPhase;
			buildActionMask = 2147483647;
			files = (
				BB278D6966DF119049A29ED7 /* libPods.a in Frameworks */,
			);
			runOnlyForDeploymentPostprocessing = 0;
		};
/* End PBXFrameworksBuildPhase section */

/* Begin PBXGroup section */
		48CC0B46B96B059F25AA69B5 /* Frameworks */ = {
			isa = PBXGroup;
			children = (
				50187580D5E0A554BF9A0260 /* libPods.a */,
			);
			name = Frameworks;
			sourceTree = "<group>";
		};
		7D8C7A2CF31D08DFB78F64B3 /* Pods */ = {
			isa = PBXGroup;
			children = (
				487F2124D6EA42FD1C37B227 /* Pods.debug.xcconfig */,
				80A78955DBE9D7BBA8BA3008 /* Pods.release.xcconfig */,
			);
			name = Pods;
			sourceTree = "<group>";
		};
		DA15F23A1D7DDCF7008E6310 = {
			isa = PBXGroup;
			children = (
				DA15F2451D7DDCF7008E6310 /* VKPhotoViewer */,
				DA15F2441D7DDCF7008E6310 /* Products */,
				7D8C7A2CF31D08DFB78F64B3 /* Pods */,
				48CC0B46B96B059F25AA69B5 /* Frameworks */,
			);
			sourceTree = "<group>";
		};
		DA15F2441D7DDCF7008E6310 /* Products */ = {
			isa = PBXGroup;
			children = (
				DA15F2431D7DDCF7008E6310 /* VKPhotoViewer.app */,
			);
			name = Products;
			sourceTree = "<group>";
		};
		DA15F2451D7DDCF7008E6310 /* VKPhotoViewer */ = {
			isa = PBXGroup;
			children = (
				DA606CBB1D808E7300D9C58A /* Services */,
				DA606CB61D807EEA00D9C58A /* Views */,
				DA15F25D1D7DDD15008E6310 /* Controllers */,
				DA15F2491D7DDCF7008E6310 /* AppDelegate.h */,
				DA15F24A1D7DDCF7008E6310 /* AppDelegate.m */,
				DA15F2521D7DDCF7008E6310 /* Assets.xcassets */,
				DA15F2541D7DDCF7008E6310 /* LaunchScreen.storyboard */,
				DA15F2571D7DDCF7008E6310 /* Info.plist */,
				DA15F2461D7DDCF7008E6310 /* Supporting Files */,
			);
			path = VKPhotoViewer;
			sourceTree = "<group>";
		};
		DA15F2461D7DDCF7008E6310 /* Supporting Files */ = {
			isa = PBXGroup;
			children = (
				DA15F2471D7DDCF7008E6310 /* main.m */,
			);
			name = "Supporting Files";
			sourceTree = "<group>";
		};
		DA15F25D1D7DDD15008E6310 /* Controllers */ = {
			isa = PBXGroup;
			children = (
				DA15F25E1D7DDD3F008E6310 /* LoginViewController.h */,
				DA15F25F1D7DDD3F008E6310 /* LoginViewController.m */,
				DA606CB31D7F55F400D9C58A /* PreviewViewController.h */,
				DA606CB41D7F55F400D9C58A /* PreviewViewController.m */,
			);
			name = Controllers;
			sourceTree = "<group>";
		};
		DA606CB61D807EEA00D9C58A /* Views */ = {
			isa = PBXGroup;
			children = (
				DA606CB71D807EF900D9C58A /* Button */,
			);
			name = Views;
			sourceTree = "<group>";
		};
		DA606CB71D807EF900D9C58A /* Button */ = {
			isa = PBXGroup;
			children = (
				DA606CB81D807F5800D9C58A /* ActionButton.h */,
				DA606CB91D807F5800D9C58A /* ActionButton.m */,
			);
			name = Button;
			sourceTree = "<group>";
		};
		DA606CBB1D808E7300D9C58A /* Services */ = {
			isa = PBXGroup;
			children = (
				DAC289691D81E8FF00B79731 /* LoginService */,
				DA606CBC1D808E9B00D9C58A /* API */,
			);
			name = Services;
			sourceTree = "<group>";
		};
		DA606CBC1D808E9B00D9C58A /* API */ = {
			isa = PBXGroup;
			children = (
			);
			name = API;
			sourceTree = "<group>";
		};
		DAC289691D81E8FF00B79731 /* LoginService */ = {
			isa = PBXGroup;
			children = (
				DAC289701D81EE8700B79731 /* VK */,
				DAC2896D1D81EE7300B79731 /* LoginService.h */,
				DAC2896E1D81EE7300B79731 /* LoginService.m */,
			);
			name = LoginService;
			sourceTree = "<group>";
		};
		DAC289701D81EE8700B79731 /* VK */ = {
			isa = PBXGroup;
			children = (
				DAC2896A1D81E96600B79731 /* VKLoginService.h */,
				DAC2896B1D81E96600B79731 /* VKLoginService.m */,
			);
			name = VK;
			sourceTree = "<group>";
		};
/* End PBXGroup section */

/* Begin PBXNativeTarget section */
		DA15F2421D7DDCF7008E6310 /* VKPhotoViewer */ = {
			isa = PBXNativeTarget;
			buildConfigurationList = DA15F25A1D7DDCF7008E6310 /* Build configuration list for PBXNativeTarget "VKPhotoViewer" */;
			buildPhases = (
				9D736E9D2D7C460A12C595D2 /* Check Pods Manifest.lock */,
				DA15F23F1D7DDCF7008E6310 /* Sources */,
				DA15F2401D7DDCF7008E6310 /* Frameworks */,
				DA15F2411D7DDCF7008E6310 /* Resources */,
				1D6729FD3475421898250B9C /* Embed Pods Frameworks */,
				D80B51A60AAA6DA727C12AFF /* Copy Pods Resources */,
			);
			buildRules = (
			);
			dependencies = (
			);
			name = VKPhotoViewer;
			productName = VKPhotoViewer;
			productReference = DA15F2431D7DDCF7008E6310 /* VKPhotoViewer.app */;
			productType = "com.apple.product-type.application";
		};
/* End PBXNativeTarget section */

/* Begin PBXProject section */
		DA15F23B1D7DDCF7008E6310 /* Project object */ = {
			isa = PBXProject;
			attributes = {
				LastUpgradeCheck = 0730;
				ORGANIZATIONNAME = "Svetlana Tsetsorina";
				TargetAttributes = {
					DA15F2421D7DDCF7008E6310 = {
						CreatedOnToolsVersion = 7.3.1;
					};
				};
			};
			buildConfigurationList = DA15F23E1D7DDCF7008E6310 /* Build configuration list for PBXProject "VKPhotoViewer" */;
			compatibilityVersion = "Xcode 3.2";
			developmentRegion = English;
			hasScannedForEncodings = 0;
			knownRegions = (
				en,
				Base,
			);
			mainGroup = DA15F23A1D7DDCF7008E6310;
			productRefGroup = DA15F2441D7DDCF7008E6310 /* Products */;
			projectDirPath = "";
			projectRoot = "";
			targets = (
				DA15F2421D7DDCF7008E6310 /* VKPhotoViewer */,
			);
		};
/* End PBXProject section */

/* Begin PBXResourcesBuildPhase section */
		DA15F2411D7DDCF7008E6310 /* Resources */ = {
			isa = PBXResourcesBuildPhase;
			buildActionMask = 2147483647;
			files = (
				DA15F2561D7DDCF7008E6310 /* LaunchScreen.storyboard in Resources */,
				DA15F2531D7DDCF7008E6310 /* Assets.xcassets in Resources */,
			);
			runOnlyForDeploymentPostprocessing = 0;
		};
/* End PBXResourcesBuildPhase section */

/* Begin PBXShellScriptBuildPhase section */
		1D6729FD3475421898250B9C /* Embed Pods Frameworks */ = {
			isa = PBXShellScriptBuildPhase;
			buildActionMask = 2147483647;
			files = (
			);
			inputPaths = (
			);
			name = "Embed Pods Frameworks";
			outputPaths = (
			);
			runOnlyForDeploymentPostprocessing = 0;
			shellPath = /bin/sh;
			shellScript = "\"${SRCROOT}/Pods/Target Support Files/Pods/Pods-frameworks.sh\"\n";
			showEnvVarsInLog = 0;
		};
		9D736E9D2D7C460A12C595D2 /* Check Pods Manifest.lock */ = {
			isa = PBXShellScriptBuildPhase;
			buildActionMask = 2147483647;
			files = (
			);
			inputPaths = (
			);
			name = "Check Pods Manifest.lock";
			outputPaths = (
			);
			runOnlyForDeploymentPostprocessing = 0;
			shellPath = /bin/sh;
			shellScript = "diff \"${PODS_ROOT}/../Podfile.lock\" \"${PODS_ROOT}/Manifest.lock\" > /dev/null\nif [[ $? != 0 ]] ; then\n    cat << EOM\nerror: The sandbox is not in sync with the Podfile.lock. Run 'pod install' or update your CocoaPods installation.\nEOM\n    exit 1\nfi\n";
			showEnvVarsInLog = 0;
		};
		D80B51A60AAA6DA727C12AFF /* Copy Pods Resources */ = {
			isa = PBXShellScriptBuildPhase;
			buildActionMask = 2147483647;
			files = (
			);
			inputPaths = (
			);
			name = "Copy Pods Resources";
			outputPaths = (
			);
			runOnlyForDeploymentPostprocessing = 0;
			shellPath = /bin/sh;
			shellScript = "\"${SRCROOT}/Pods/Target Support Files/Pods/Pods-resources.sh\"\n";
			showEnvVarsInLog = 0;
		};
/* End PBXShellScriptBuildPhase section */

/* Begin PBXSourcesBuildPhase section */
		DA15F23F1D7DDCF7008E6310 /* Sources */ = {
			isa = PBXSourcesBuildPhase;
			buildActionMask = 2147483647;
			files = (
				DAC2896F1D81EE7300B79731 /* LoginService.m in Sources */,
				DA15F24B1D7DDCF7008E6310 /* AppDelegate.m in Sources */,
				DA15F2481D7DDCF7008E6310 /* main.m in Sources */,
				DAC2896C1D81E96600B79731 /* VKLoginService.m in Sources */,
				DA15F2601D7DDD3F008E6310 /* LoginViewController.m in Sources */,
				DA606CBA1D807F5800D9C58A /* ActionButton.m in Sources */,
				DA606CB51D7F55F400D9C58A /* PreviewViewController.m in Sources */,
			);
			runOnlyForDeploymentPostprocessing = 0;
		};
/* End PBXSourcesBuildPhase section */

/* Begin PBXVariantGroup section */
		DA15F2541D7DDCF7008E6310 /* LaunchScreen.storyboard */ = {
			isa = PBXVariantGroup;
			children = (
				DA15F2551D7DDCF7008E6310 /* Base */,
			);
			name = LaunchScreen.storyboard;
			sourceTree = "<group>";
		};
/* End PBXVariantGroup section */

/* Begin XCBuildConfiguration section */
		DA15F2581D7DDCF7008E6310 /* Debug */ = {
			isa = XCBuildConfiguration;
			buildSettings = {
				ALWAYS_SEARCH_USER_PATHS = NO;
				CLANG_ANALYZER_NONNULL = YES;
				CLANG_CXX_LANGUAGE_STANDARD = "gnu++0x";
				CLANG_CXX_LIBRARY = "libc++";
				CLANG_ENABLE_MODULES = YES;
				CLANG_ENABLE_OBJC_ARC = YES;
				CLANG_WARN_BOOL_CONVERSION = YES;
				CLANG_WARN_CONSTANT_CONVERSION = YES;
				CLANG_WARN_DIRECT_OBJC_ISA_USAGE = YES_ERROR;
				CLANG_WARN_EMPTY_BODY = YES;
				CLANG_WARN_ENUM_CONVERSION = YES;
				CLANG_WARN_INT_CONVERSION = YES;
				CLANG_WARN_OBJC_ROOT_CLASS = YES_ERROR;
				CLANG_WARN_UNREACHABLE_CODE = YES;
				CLANG_WARN__DUPLICATE_METHOD_MATCH = YES;
				"CODE_SIGN_IDENTITY[sdk=iphoneos*]" = "iPhone Developer";
				COPY_PHASE_STRIP = NO;
				DEBUG_INFORMATION_FORMAT = dwarf;
				ENABLE_STRICT_OBJC_MSGSEND = YES;
				ENABLE_TESTABILITY = YES;
				GCC_C_LANGUAGE_STANDARD = gnu99;
				GCC_DYNAMIC_NO_PIC = NO;
				GCC_NO_COMMON_BLOCKS = YES;
				GCC_OPTIMIZATION_LEVEL = 0;
				GCC_PREPROCESSOR_DEFINITIONS = (
					"DEBUG=1",
					"$(inherited)",
				);
				GCC_WARN_64_TO_32_BIT_CONVERSION = YES;
				GCC_WARN_ABOUT_RETURN_TYPE = YES_ERROR;
				GCC_WARN_UNDECLARED_SELECTOR = YES;
				GCC_WARN_UNINITIALIZED_AUTOS = YES_AGGRESSIVE;
				GCC_WARN_UNUSED_FUNCTION = YES;
				GCC_WARN_UNUSED_VARIABLE = YES;
				IPHONEOS_DEPLOYMENT_TARGET = 9.3;
				MTL_ENABLE_DEBUG_INFO = YES;
				ONLY_ACTIVE_ARCH = YES;
				SDKROOT = iphoneos;
			};
			name = Debug;
		};
		DA15F2591D7DDCF7008E6310 /* Release */ = {
			isa = XCBuildConfiguration;
			buildSettings = {
				ALWAYS_SEARCH_USER_PATHS = NO;
				CLANG_ANALYZER_NONNULL = YES;
				CLANG_CXX_LANGUAGE_STANDARD = "gnu++0x";
				CLANG_CXX_LIBRARY = "libc++";
				CLANG_ENABLE_MODULES = YES;
				CLANG_ENABLE_OBJC_ARC = YES;
				CLANG_WARN_BOOL_CONVERSION = YES;
				CLANG_WARN_CONSTANT_CONVERSION = YES;
				CLANG_WARN_DIRECT_OBJC_ISA_USAGE = YES_ERROR;
				CLANG_WARN_EMPTY_BODY = YES;
				CLANG_WARN_ENUM_CONVERSION = YES;
				CLANG_WARN_INT_CONVERSION = YES;
				CLANG_WARN_OBJC_ROOT_CLASS = YES_ERROR;
				CLANG_WARN_UNREACHABLE_CODE = YES;
				CLANG_WARN__DUPLICATE_METHOD_MATCH = YES;
				"CODE_SIGN_IDENTITY[sdk=iphoneos*]" = "iPhone Developer";
				COPY_PHASE_STRIP = NO;
				DEBUG_INFORMATION_FORMAT = "dwarf-with-dsym";
				ENABLE_NS_ASSERTIONS = NO;
				ENABLE_STRICT_OBJC_MSGSEND = YES;
				GCC_C_LANGUAGE_STANDARD = gnu99;
				GCC_NO_COMMON_BLOCKS = YES;
				GCC_WARN_64_TO_32_BIT_CONVERSION = YES;
				GCC_WARN_ABOUT_RETURN_TYPE = YES_ERROR;
				GCC_WARN_UNDECLARED_SELECTOR = YES;
				GCC_WARN_UNINITIALIZED_AUTOS = YES_AGGRESSIVE;
				GCC_WARN_UNUSED_FUNCTION = YES;
				GCC_WARN_UNUSED_VARIABLE = YES;
				IPHONEOS_DEPLOYMENT_TARGET = 9.3;
				MTL_ENABLE_DEBUG_INFO = NO;
				SDKROOT = iphoneos;
				VALIDATE_PRODUCT = YES;
			};
			name = Release;
		};
		DA15F25B1D7DDCF7008E6310 /* Debug */ = {
			isa = XCBuildConfiguration;
			baseConfigurationReference = 487F2124D6EA42FD1C37B227 /* Pods.debug.xcconfig */;
			buildSettings = {
				ASSETCATALOG_COMPILER_APPICON_NAME = AppIcon;
				INFOPLIST_FILE = VKPhotoViewer/Info.plist;
				IPHONEOS_DEPLOYMENT_TARGET = 9.0;
				LD_RUNPATH_SEARCH_PATHS = "$(inherited) @executable_path/Frameworks";
				PRODUCT_BUNDLE_IDENTIFIER = st.SK.VKPhotoViewer;
				PRODUCT_NAME = "$(TARGET_NAME)";
			};
			name = Debug;
		};
		DA15F25C1D7DDCF7008E6310 /* Release */ = {
			isa = XCBuildConfiguration;
			baseConfigurationReference = 80A78955DBE9D7BBA8BA3008 /* Pods.release.xcconfig */;
			buildSettings = {
				ASSETCATALOG_COMPILER_APPICON_NAME = AppIcon;
				INFOPLIST_FILE = VKPhotoViewer/Info.plist;
				IPHONEOS_DEPLOYMENT_TARGET = 9.0;
				LD_RUNPATH_SEARCH_PATHS = "$(inherited) @executable_path/Frameworks";
				PRODUCT_BUNDLE_IDENTIFIER = st.SK.VKPhotoViewer;
				PRODUCT_NAME = "$(TARGET_NAME)";
			};
			name = Release;
		};
/* End XCBuildConfiguration section */

/* Begin XCConfigurationList section */
		DA15F23E1D7DDCF7008E6310 /* Build configuration list for PBXProject "VKPhotoViewer" */ = {
			isa = XCConfigurationList;
			buildConfigurations = (
				DA15F2581D7DDCF7008E6310 /* Debug */,
				DA15F2591D7DDCF7008E6310 /* Release */,
			);
			defaultConfigurationIsVisible = 0;
			defaultConfigurationName = Release;
		};
		DA15F25A1D7DDCF7008E6310 /* Build configuration list for PBXNativeTarget "VKPhotoViewer" */ = {
			isa = XCConfigurationList;
			buildConfigurations = (
				DA15F25B1D7DDCF7008E6310 /* Debug */,
				DA15F25C1D7DDCF7008E6310 /* Release */,
			);
			defaultConfigurationIsVisible = 0;
			defaultConfigurationName = Release;
		};
/* End XCConfigurationList section */
	};
	rootObject = DA15F23B1D7DDCF7008E6310 /* Project object */;
}
