// !$*UTF8*$!
{
	archiveVersion = 1;
	classes = {
	};
	objectVersion = 46;
	objects = {

/* Begin PBXBuildFile section */
		BB278D6966DF119049A29ED7 /* libPods.a in Frameworks */ = {isa = PBXBuildFile; fileRef = 50187580D5E0A554BF9A0260 /* libPods.a */; };
		DA15F2481D7DDCF7008E6310 /* main.m in Sources */ = {isa = PBXBuildFile; fileRef = DA15F2471D7DDCF7008E6310 /* main.m */; };
		DA15F24B1D7DDCF7008E6310 /* AppDelegate.m in Sources */ = {isa = PBXBuildFile; fileRef = DA15F24A1D7DDCF7008E6310 /* AppDelegate.m */; };
		DA15F2531D7DDCF7008E6310 /* Assets.xcassets in Resources */ = {isa = PBXBuildFile; fileRef = DA15F2521D7DDCF7008E6310 /* Assets.xcassets */; };
		DA15F2561D7DDCF7008E6310 /* LaunchScreen.storyboard in Resources */ = {isa = PBXBuildFile; fileRef = DA15F2541D7DDCF7008E6310 /* LaunchScreen.storyboard */; };
		DA49736F1D8BF8CB0032B0B6 /* PhotoDataSource.m in Sources */ = {isa = PBXBuildFile; fileRef = DA49736E1D8BF8CB0032B0B6 /* PhotoDataSource.m */; };
		DA4973721D8BF8D70032B0B6 /* PreviewDataSource.m in Sources */ = {isa = PBXBuildFile; fileRef = DA4973711D8BF8D70032B0B6 /* PreviewDataSource.m */; };
		DA4973751D8BF8E40032B0B6 /* CollectionViewUtilities.m in Sources */ = {isa = PBXBuildFile; fileRef = DA4973741D8BF8E40032B0B6 /* CollectionViewUtilities.m */; };
		DA4973781D8BF8F40032B0B6 /* Photo.m in Sources */ = {isa = PBXBuildFile; fileRef = DA4973771D8BF8F40032B0B6 /* Photo.m */; };
		DA49737B1D8BF8FB0032B0B6 /* PhotoMapper.m in Sources */ = {isa = PBXBuildFile; fileRef = DA49737A1D8BF8FB0032B0B6 /* PhotoMapper.m */; };
		DA49737E1D8BF9120032B0B6 /* AppCache.m in Sources */ = {isa = PBXBuildFile; fileRef = DA49737D1D8BF9120032B0B6 /* AppCache.m */; };
		DA4973821D8BF92A0032B0B6 /* VKLoginService.m in Sources */ = {isa = PBXBuildFile; fileRef = DA4973811D8BF92A0032B0B6 /* VKLoginService.m */; };
		DA4973861D8BF9410032B0B6 /* VKPhotoService.m in Sources */ = {isa = PBXBuildFile; fileRef = DA4973851D8BF9410032B0B6 /* VKPhotoService.m */; };
		DA4973891D8BF9510032B0B6 /* APIClient.m in Sources */ = {isa = PBXBuildFile; fileRef = DA4973881D8BF9510032B0B6 /* APIClient.m */; };
		DA49738E1D8BF9760032B0B6 /* PhotoCell.m in Sources */ = {isa = PBXBuildFile; fileRef = DA49738B1D8BF9760032B0B6 /* PhotoCell.m */; };
		DA49738F1D8BF9760032B0B6 /* ThumbnailCell.m in Sources */ = {isa = PBXBuildFile; fileRef = DA49738D1D8BF9760032B0B6 /* ThumbnailCell.m */; };
		DA4973961D8BF98E0032B0B6 /* LoginViewController.m in Sources */ = {isa = PBXBuildFile; fileRef = DA4973911D8BF98E0032B0B6 /* LoginViewController.m */; };
		DA4973971D8BF98E0032B0B6 /* PhotoViewController.m in Sources */ = {isa = PBXBuildFile; fileRef = DA4973931D8BF98E0032B0B6 /* PhotoViewController.m */; };
		DA4973981D8BF98E0032B0B6 /* PreviewViewController.m in Sources */ = {isa = PBXBuildFile; fileRef = DA4973951D8BF98E0032B0B6 /* PreviewViewController.m */; };
		DAC289741D82A0DD00B79731 /* PhotoViewer.storyboard in Resources */ = {isa = PBXBuildFile; fileRef = DAC289731D82A0DD00B79731 /* PhotoViewer.storyboard */; };
/* End PBXBuildFile section */

/* Begin PBXFileReference section */
		487F2124D6EA42FD1C37B227 /* Pods.debug.xcconfig */ = {isa = PBXFileReference; includeInIndex = 1; lastKnownFileType = text.xcconfig; name = Pods.debug.xcconfig; path = "Pods/Target Support Files/Pods/Pods.debug.xcconfig"; sourceTree = "<group>"; };
		50187580D5E0A554BF9A0260 /* libPods.a */ = {isa = PBXFileReference; explicitFileType = archive.ar; includeInIndex = 0; path = libPods.a; sourceTree = BUILT_PRODUCTS_DIR; };
		80A78955DBE9D7BBA8BA3008 /* Pods.release.xcconfig */ = {isa = PBXFileReference; includeInIndex = 1; lastKnownFileType = text.xcconfig; name = Pods.release.xcconfig; path = "Pods/Target Support Files/Pods/Pods.release.xcconfig"; sourceTree = "<group>"; };
		DA15F2431D7DDCF7008E6310 /* VKPhotoViewer.app */ = {isa = PBXFileReference; explicitFileType = wrapper.application; includeInIndex = 0; path = VKPhotoViewer.app; sourceTree = BUILT_PRODUCTS_DIR; };
		DA15F2471D7DDCF7008E6310 /* main.m */ = {isa = PBXFileReference; lastKnownFileType = sourcecode.c.objc; path = main.m; sourceTree = "<group>"; };
		DA15F2491D7DDCF7008E6310 /* AppDelegate.h */ = {isa = PBXFileReference; lastKnownFileType = sourcecode.c.h; path = AppDelegate.h; sourceTree = "<group>"; };
		DA15F24A1D7DDCF7008E6310 /* AppDelegate.m */ = {isa = PBXFileReference; lastKnownFileType = sourcecode.c.objc; path = AppDelegate.m; sourceTree = "<group>"; };
		DA15F2521D7DDCF7008E6310 /* Assets.xcassets */ = {isa = PBXFileReference; lastKnownFileType = folder.assetcatalog; path = Assets.xcassets; sourceTree = "<group>"; };
		DA15F2551D7DDCF7008E6310 /* Base */ = {isa = PBXFileReference; lastKnownFileType = file.storyboard; name = Base; path = Base.lproj/LaunchScreen.storyboard; sourceTree = "<group>"; };
		DA15F2571D7DDCF7008E6310 /* Info.plist */ = {isa = PBXFileReference; lastKnownFileType = text.plist.xml; path = Info.plist; sourceTree = "<group>"; };
		DA49736D1D8BF8CB0032B0B6 /* PhotoDataSource.h */ = {isa = PBXFileReference; fileEncoding = 4; lastKnownFileType = sourcecode.c.h; name = PhotoDataSource.h; path = "Core/Data Source/PhotoDataSource/PhotoDataSource.h"; sourceTree = "<group>"; };
		DA49736E1D8BF8CB0032B0B6 /* PhotoDataSource.m */ = {isa = PBXFileReference; fileEncoding = 4; lastKnownFileType = sourcecode.c.objc; name = PhotoDataSource.m; path = "Core/Data Source/PhotoDataSource/PhotoDataSource.m"; sourceTree = "<group>"; };
		DA4973701D8BF8D70032B0B6 /* PreviewDataSource.h */ = {isa = PBXFileReference; fileEncoding = 4; lastKnownFileType = sourcecode.c.h; name = PreviewDataSource.h; path = "Core/Data Source/PreviewDataSource/PreviewDataSource.h"; sourceTree = "<group>"; };
		DA4973711D8BF8D70032B0B6 /* PreviewDataSource.m */ = {isa = PBXFileReference; fileEncoding = 4; lastKnownFileType = sourcecode.c.objc; name = PreviewDataSource.m; path = "Core/Data Source/PreviewDataSource/PreviewDataSource.m"; sourceTree = "<group>"; };
		DA4973731D8BF8E40032B0B6 /* CollectionViewUtilities.h */ = {isa = PBXFileReference; fileEncoding = 4; lastKnownFileType = sourcecode.c.h; name = CollectionViewUtilities.h; path = Core/Utilities/CollectionViewUtilities.h; sourceTree = "<group>"; };
		DA4973741D8BF8E40032B0B6 /* CollectionViewUtilities.m */ = {isa = PBXFileReference; fileEncoding = 4; lastKnownFileType = sourcecode.c.objc; name = CollectionViewUtilities.m; path = Core/Utilities/CollectionViewUtilities.m; sourceTree = "<group>"; };
		DA4973761D8BF8F40032B0B6 /* Photo.h */ = {isa = PBXFileReference; fileEncoding = 4; lastKnownFileType = sourcecode.c.h; name = Photo.h; path = Core/Model/Photo.h; sourceTree = "<group>"; };
		DA4973771D8BF8F40032B0B6 /* Photo.m */ = {isa = PBXFileReference; fileEncoding = 4; lastKnownFileType = sourcecode.c.objc; name = Photo.m; path = Core/Model/Photo.m; sourceTree = "<group>"; };
		DA4973791D8BF8FB0032B0B6 /* PhotoMapper.h */ = {isa = PBXFileReference; fileEncoding = 4; lastKnownFileType = sourcecode.c.h; name = PhotoMapper.h; path = Core/Model/Mapper/PhotoMapper.h; sourceTree = "<group>"; };
		DA49737A1D8BF8FB0032B0B6 /* PhotoMapper.m */ = {isa = PBXFileReference; fileEncoding = 4; lastKnownFileType = sourcecode.c.objc; name = PhotoMapper.m; path = Core/Model/Mapper/PhotoMapper.m; sourceTree = "<group>"; };
		DA49737C1D8BF9120032B0B6 /* AppCache.h */ = {isa = PBXFileReference; fileEncoding = 4; lastKnownFileType = sourcecode.c.h; name = AppCache.h; path = Core/API/Cache/AppCache.h; sourceTree = "<group>"; };
		DA49737D1D8BF9120032B0B6 /* AppCache.m */ = {isa = PBXFileReference; fileEncoding = 4; lastKnownFileType = sourcecode.c.objc; name = AppCache.m; path = Core/API/Cache/AppCache.m; sourceTree = "<group>"; };
		DA49737F1D8BF9230032B0B6 /* LoginServicing.h */ = {isa = PBXFileReference; lastKnownFileType = sourcecode.c.h; name = LoginServicing.h; path = Core/API/LoginService/LoginServicing.h; sourceTree = "<group>"; };
		DA4973801D8BF92A0032B0B6 /* VKLoginService.h */ = {isa = PBXFileReference; fileEncoding = 4; lastKnownFileType = sourcecode.c.h; name = VKLoginService.h; path = Core/API/LoginService/VKLoginService/VKLoginService.h; sourceTree = "<group>"; };
		DA4973811D8BF92A0032B0B6 /* VKLoginService.m */ = {isa = PBXFileReference; fileEncoding = 4; lastKnownFileType = sourcecode.c.objc; name = VKLoginService.m; path = Core/API/LoginService/VKLoginService/VKLoginService.m; sourceTree = "<group>"; };
		DA4973831D8BF93A0032B0B6 /* PhotoServicing.h */ = {isa = PBXFileReference; lastKnownFileType = sourcecode.c.h; name = PhotoServicing.h; path = Core/API/PhotoService/PhotoServicing.h; sourceTree = "<group>"; };
		DA4973841D8BF9410032B0B6 /* VKPhotoService.h */ = {isa = PBXFileReference; fileEncoding = 4; lastKnownFileType = sourcecode.c.h; name = VKPhotoService.h; path = Core/API/PhotoService/VKPhotoService/VKPhotoService.h; sourceTree = "<group>"; };
		DA4973851D8BF9410032B0B6 /* VKPhotoService.m */ = {isa = PBXFileReference; fileEncoding = 4; lastKnownFileType = sourcecode.c.objc; name = VKPhotoService.m; path = Core/API/PhotoService/VKPhotoService/VKPhotoService.m; sourceTree = "<group>"; };
		DA4973871D8BF9510032B0B6 /* APIClient.h */ = {isa = PBXFileReference; fileEncoding = 4; lastKnownFileType = sourcecode.c.h; name = APIClient.h; path = Core/API/APIClient.h; sourceTree = "<group>"; };
		DA4973881D8BF9510032B0B6 /* APIClient.m */ = {isa = PBXFileReference; fileEncoding = 4; lastKnownFileType = sourcecode.c.objc; name = APIClient.m; path = Core/API/APIClient.m; sourceTree = "<group>"; };
		DA49738A1D8BF9760032B0B6 /* PhotoCell.h */ = {isa = PBXFileReference; fileEncoding = 4; lastKnownFileType = sourcecode.c.h; name = PhotoCell.h; path = Core/Views/CollectionCell/PhotoCell.h; sourceTree = "<group>"; };
		DA49738B1D8BF9760032B0B6 /* PhotoCell.m */ = {isa = PBXFileReference; fileEncoding = 4; lastKnownFileType = sourcecode.c.objc; name = PhotoCell.m; path = Core/Views/CollectionCell/PhotoCell.m; sourceTree = "<group>"; };
		DA49738C1D8BF9760032B0B6 /* ThumbnailCell.h */ = {isa = PBXFileReference; fileEncoding = 4; lastKnownFileType = sourcecode.c.h; name = ThumbnailCell.h; path = Core/Views/CollectionCell/ThumbnailCell.h; sourceTree = "<group>"; };
		DA49738D1D8BF9760032B0B6 /* ThumbnailCell.m */ = {isa = PBXFileReference; fileEncoding = 4; lastKnownFileType = sourcecode.c.objc; name = ThumbnailCell.m; path = Core/Views/CollectionCell/ThumbnailCell.m; sourceTree = "<group>"; };
		DA4973901D8BF98E0032B0B6 /* LoginViewController.h */ = {isa = PBXFileReference; fileEncoding = 4; lastKnownFileType = sourcecode.c.h; name = LoginViewController.h; path = Core/Controllers/LoginViewController.h; sourceTree = "<group>"; };
		DA4973911D8BF98E0032B0B6 /* LoginViewController.m */ = {isa = PBXFileReference; fileEncoding = 4; lastKnownFileType = sourcecode.c.objc; name = LoginViewController.m; path = Core/Controllers/LoginViewController.m; sourceTree = "<group>"; };
		DA4973921D8BF98E0032B0B6 /* PhotoViewController.h */ = {isa = PBXFileReference; fileEncoding = 4; lastKnownFileType = sourcecode.c.h; name = PhotoViewController.h; path = Core/Controllers/PhotoViewController.h; sourceTree = "<group>"; };
		DA4973931D8BF98E0032B0B6 /* PhotoViewController.m */ = {isa = PBXFileReference; fileEncoding = 4; lastKnownFileType = sourcecode.c.objc; name = PhotoViewController.m; path = Core/Controllers/PhotoViewController.m; sourceTree = "<group>"; };
		DA4973941D8BF98E0032B0B6 /* PreviewViewController.h */ = {isa = PBXFileReference; fileEncoding = 4; lastKnownFileType = sourcecode.c.h; name = PreviewViewController.h; path = Core/Controllers/PreviewViewController.h; sourceTree = "<group>"; };
		DA4973951D8BF98E0032B0B6 /* PreviewViewController.m */ = {isa = PBXFileReference; fileEncoding = 4; lastKnownFileType = sourcecode.c.objc; name = PreviewViewController.m; path = Core/Controllers/PreviewViewController.m; sourceTree = "<group>"; };
		DAC289731D82A0DD00B79731 /* PhotoViewer.storyboard */ = {isa = PBXFileReference; fileEncoding = 4; lastKnownFileType = file.storyboard; path = PhotoViewer.storyboard; sourceTree = "<group>"; };
/* End PBXFileReference section */

/* Begin PBXFrameworksBuildPhase section */
		DA15F2401D7DDCF7008E6310 /* Frameworks */ = {
			isa = PBXFrameworksBuildPhase;
			buildActionMask = 2147483647;
			files = (
				BB278D6966DF119049A29ED7 /* libPods.a in Frameworks */,
			);
			runOnlyForDeploymentPostprocessing = 0;
		};
/* End PBXFrameworksBuildPhase section */

/* Begin PBXGroup section */
		48CC0B46B96B059F25AA69B5 /* Frameworks */ = {
			isa = PBXGroup;
			children = (
				50187580D5E0A554BF9A0260 /* libPods.a */,
			);
			name = Frameworks;
			sourceTree = "<group>";
		};
		7D8C7A2CF31D08DFB78F64B3 /* Pods */ = {
			isa = PBXGroup;
			children = (
				487F2124D6EA42FD1C37B227 /* Pods.debug.xcconfig */,
				80A78955DBE9D7BBA8BA3008 /* Pods.release.xcconfig */,
			);
			name = Pods;
			sourceTree = "<group>";
		};
		DA15F23A1D7DDCF7008E6310 = {
			isa = PBXGroup;
			children = (
				DA15F2451D7DDCF7008E6310 /* VKPhotoViewer */,
				DA15F2441D7DDCF7008E6310 /* Products */,
				7D8C7A2CF31D08DFB78F64B3 /* Pods */,
				48CC0B46B96B059F25AA69B5 /* Frameworks */,
			);
			sourceTree = "<group>";
		};
		DA15F2441D7DDCF7008E6310 /* Products */ = {
			isa = PBXGroup;
			children = (
				DA15F2431D7DDCF7008E6310 /* VKPhotoViewer.app */,
			);
			name = Products;
			sourceTree = "<group>";
		};
		DA15F2451D7DDCF7008E6310 /* VKPhotoViewer */ = {
			isa = PBXGroup;
			children = (
				DA1F4D041D8300DB00DCF83F /* DataSource */,
				DA581EC61D84B46500C307FB /* Utils */,
				DAC289751D82AB6F00B79731 /* Model */,
				DA606CBC1D808E9B00D9C58A /* API */,
				DA606CB61D807EEA00D9C58A /* Views */,
				DA15F25D1D7DDD15008E6310 /* Controllers */,
				DA15F2491D7DDCF7008E6310 /* AppDelegate.h */,
				DA15F24A1D7DDCF7008E6310 /* AppDelegate.m */,
				DAC289731D82A0DD00B79731 /* PhotoViewer.storyboard */,
				DA15F2461D7DDCF7008E6310 /* Supporting Files */,
			);
			path = VKPhotoViewer;
			sourceTree = "<group>";
		};
		DA15F2461D7DDCF7008E6310 /* Supporting Files */ = {
			isa = PBXGroup;
			children = (
				DA15F2521D7DDCF7008E6310 /* Assets.xcassets */,
				DA15F2541D7DDCF7008E6310 /* LaunchScreen.storyboard */,
				DA15F2571D7DDCF7008E6310 /* Info.plist */,
				DA15F2471D7DDCF7008E6310 /* main.m */,
			);
			name = "Supporting Files";
			sourceTree = "<group>";
		};
		DA15F25D1D7DDD15008E6310 /* Controllers */ = {
			isa = PBXGroup;
			children = (
				DA4973901D8BF98E0032B0B6 /* LoginViewController.h */,
				DA4973911D8BF98E0032B0B6 /* LoginViewController.m */,
				DA4973921D8BF98E0032B0B6 /* PhotoViewController.h */,
				DA4973931D8BF98E0032B0B6 /* PhotoViewController.m */,
				DA4973941D8BF98E0032B0B6 /* PreviewViewController.h */,
				DA4973951D8BF98E0032B0B6 /* PreviewViewController.m */,
			);
			name = Controllers;
			sourceTree = "<group>";
		};
		DA1F4D041D8300DB00DCF83F /* DataSource */ = {
			isa = PBXGroup;
			children = (
				DA581EBD1D84364300C307FB /* PhotoDataSource */,
				DA581EBC1D84363100C307FB /* PreviewDataSource */,
			);
			name = DataSource;
			sourceTree = "<group>";
		};
		DA49734D1D89C53D0032B0B6 /* VKPhotoService */ = {
			isa = PBXGroup;
			children = (
				DA4973841D8BF9410032B0B6 /* VKPhotoService.h */,
				DA4973851D8BF9410032B0B6 /* VKPhotoService.m */,
			);
			name = VKPhotoService;
			sourceTree = "<group>";
		};
		DA581EBC1D84363100C307FB /* PreviewDataSource */ = {
			isa = PBXGroup;
			children = (
				DA4973701D8BF8D70032B0B6 /* PreviewDataSource.h */,
				DA4973711D8BF8D70032B0B6 /* PreviewDataSource.m */,
			);
			name = PreviewDataSource;
			sourceTree = "<group>";
		};
		DA581EBD1D84364300C307FB /* PhotoDataSource */ = {
			isa = PBXGroup;
			children = (
				DA49736D1D8BF8CB0032B0B6 /* PhotoDataSource.h */,
				DA49736E1D8BF8CB0032B0B6 /* PhotoDataSource.m */,
			);
			name = PhotoDataSource;
			sourceTree = "<group>";
		};
		DA581EC11D847C2B00C307FB /* Cache */ = {
			isa = PBXGroup;
			children = (
				DA49737C1D8BF9120032B0B6 /* AppCache.h */,
				DA49737D1D8BF9120032B0B6 /* AppCache.m */,
			);
			name = Cache;
			sourceTree = "<group>";
		};
		DA581EC61D84B46500C307FB /* Utils */ = {
			isa = PBXGroup;
			children = (
				DA4973731D8BF8E40032B0B6 /* CollectionViewUtilities.h */,
				DA4973741D8BF8E40032B0B6 /* CollectionViewUtilities.m */,
			);
			name = Utils;
			sourceTree = "<group>";
		};
		DA606CB61D807EEA00D9C58A /* Views */ = {
			isa = PBXGroup;
			children = (
				DAC2897C1D82B97400B79731 /* CollectionCell */,
			);
			name = Views;
			sourceTree = "<group>";
		};
		DA606CBC1D808E9B00D9C58A /* API */ = {
			isa = PBXGroup;
			children = (
				DA4973871D8BF9510032B0B6 /* APIClient.h */,
				DA4973881D8BF9510032B0B6 /* APIClient.m */,
				DA581EC11D847C2B00C307FB /* Cache */,
				DAC289691D81E8FF00B79731 /* LoginService */,
				DAC289801D82BBB100B79731 /* PhotoService */,
			);
			name = API;
			sourceTree = "<group>";
		};
		DAC289691D81E8FF00B79731 /* LoginService */ = {
			isa = PBXGroup;
			children = (
				DA49737F1D8BF9230032B0B6 /* LoginServicing.h */,
				DAC289701D81EE8700B79731 /* VK */,
			);
			name = LoginService;
			sourceTree = "<group>";
		};
		DAC289701D81EE8700B79731 /* VK */ = {
			isa = PBXGroup;
			children = (
				DA4973801D8BF92A0032B0B6 /* VKLoginService.h */,
				DA4973811D8BF92A0032B0B6 /* VKLoginService.m */,
			);
			name = VK;
			sourceTree = "<group>";
		};
		DAC289751D82AB6F00B79731 /* Model */ = {
			isa = PBXGroup;
			children = (
				DA4973761D8BF8F40032B0B6 /* Photo.h */,
				DA4973771D8BF8F40032B0B6 /* Photo.m */,
				DAC289841D82C0DD00B79731 /* Mapper */,
			);
			name = Model;
			sourceTree = "<group>";
		};
		DAC2897C1D82B97400B79731 /* CollectionCell */ = {
			isa = PBXGroup;
			children = (
				DA49738A1D8BF9760032B0B6 /* PhotoCell.h */,
				DA49738B1D8BF9760032B0B6 /* PhotoCell.m */,
				DA49738C1D8BF9760032B0B6 /* ThumbnailCell.h */,
				DA49738D1D8BF9760032B0B6 /* ThumbnailCell.m */,
			);
			name = CollectionCell;
			sourceTree = "<group>";
		};
		DAC289801D82BBB100B79731 /* PhotoService */ = {
			isa = PBXGroup;
			children = (
				DA4973831D8BF93A0032B0B6 /* PhotoServicing.h */,
				DA49734D1D89C53D0032B0B6 /* VKPhotoService */,
			);
			name = PhotoService;
			sourceTree = "<group>";
		};
		DAC289841D82C0DD00B79731 /* Mapper */ = {
			isa = PBXGroup;
			children = (
				DA4973791D8BF8FB0032B0B6 /* PhotoMapper.h */,
				DA49737A1D8BF8FB0032B0B6 /* PhotoMapper.m */,
			);
			name = Mapper;
			sourceTree = "<group>";
		};
/* End PBXGroup section */

/* Begin PBXNativeTarget section */
		DA15F2421D7DDCF7008E6310 /* VKPhotoViewer */ = {
			isa = PBXNativeTarget;
			buildConfigurationList = DA15F25A1D7DDCF7008E6310 /* Build configuration list for PBXNativeTarget "VKPhotoViewer" */;
			buildPhases = (
				9D736E9D2D7C460A12C595D2 /* Check Pods Manifest.lock */,
				DA15F23F1D7DDCF7008E6310 /* Sources */,
				DA15F2401D7DDCF7008E6310 /* Frameworks */,
				DA15F2411D7DDCF7008E6310 /* Resources */,
				1D6729FD3475421898250B9C /* Embed Pods Frameworks */,
				D80B51A60AAA6DA727C12AFF /* Copy Pods Resources */,
			);
			buildRules = (
			);
			dependencies = (
			);
			name = VKPhotoViewer;
			productName = VKPhotoViewer;
			productReference = DA15F2431D7DDCF7008E6310 /* VKPhotoViewer.app */;
			productType = "com.apple.product-type.application";
		};
/* End PBXNativeTarget section */

/* Begin PBXProject section */
		DA15F23B1D7DDCF7008E6310 /* Project object */ = {
			isa = PBXProject;
			attributes = {
				LastUpgradeCheck = 0730;
				ORGANIZATIONNAME = "Svetlana Tsetsorina";
				TargetAttributes = {
					DA15F2421D7DDCF7008E6310 = {
						CreatedOnToolsVersion = 7.3.1;
					};
				};
			};
			buildConfigurationList = DA15F23E1D7DDCF7008E6310 /* Build configuration list for PBXProject "VKPhotoViewer" */;
			compatibilityVersion = "Xcode 3.2";
			developmentRegion = English;
			hasScannedForEncodings = 0;
			knownRegions = (
				en,
				Base,
			);
			mainGroup = DA15F23A1D7DDCF7008E6310;
			productRefGroup = DA15F2441D7DDCF7008E6310 /* Products */;
			projectDirPath = "";
			projectRoot = "";
			targets = (
				DA15F2421D7DDCF7008E6310 /* VKPhotoViewer */,
			);
		};
/* End PBXProject section */

/* Begin PBXResourcesBuildPhase section */
		DA15F2411D7DDCF7008E6310 /* Resources */ = {
			isa = PBXResourcesBuildPhase;
			buildActionMask = 2147483647;
			files = (
				DAC289741D82A0DD00B79731 /* PhotoViewer.storyboard in Resources */,
				DA15F2561D7DDCF7008E6310 /* LaunchScreen.storyboard in Resources */,
				DA15F2531D7DDCF7008E6310 /* Assets.xcassets in Resources */,
			);
			runOnlyForDeploymentPostprocessing = 0;
		};
/* End PBXResourcesBuildPhase section */

/* Begin PBXShellScriptBuildPhase section */
		1D6729FD3475421898250B9C /* Embed Pods Frameworks */ = {
			isa = PBXShellScriptBuildPhase;
			buildActionMask = 2147483647;
			files = (
			);
			inputPaths = (
			);
			name = "Embed Pods Frameworks";
			outputPaths = (
			);
			runOnlyForDeploymentPostprocessing = 0;
			shellPath = /bin/sh;
			shellScript = "\"${SRCROOT}/Pods/Target Support Files/Pods/Pods-frameworks.sh\"\n";
			showEnvVarsInLog = 0;
		};
		9D736E9D2D7C460A12C595D2 /* Check Pods Manifest.lock */ = {
			isa = PBXShellScriptBuildPhase;
			buildActionMask = 2147483647;
			files = (
			);
			inputPaths = (
			);
			name = "Check Pods Manifest.lock";
			outputPaths = (
			);
			runOnlyForDeploymentPostprocessing = 0;
			shellPath = /bin/sh;
			shellScript = "diff \"${PODS_ROOT}/../Podfile.lock\" \"${PODS_ROOT}/Manifest.lock\" > /dev/null\nif [[ $? != 0 ]] ; then\n    cat << EOM\nerror: The sandbox is not in sync with the Podfile.lock. Run 'pod install' or update your CocoaPods installation.\nEOM\n    exit 1\nfi\n";
			showEnvVarsInLog = 0;
		};
		D80B51A60AAA6DA727C12AFF /* Copy Pods Resources */ = {
			isa = PBXShellScriptBuildPhase;
			buildActionMask = 2147483647;
			files = (
			);
			inputPaths = (
			);
			name = "Copy Pods Resources";
			outputPaths = (
			);
			runOnlyForDeploymentPostprocessing = 0;
			shellPath = /bin/sh;
			shellScript = "\"${SRCROOT}/Pods/Target Support Files/Pods/Pods-resources.sh\"\n";
			showEnvVarsInLog = 0;
		};
/* End PBXShellScriptBuildPhase section */

/* Begin PBXSourcesBuildPhase section */
		DA15F23F1D7DDCF7008E6310 /* Sources */ = {
			isa = PBXSourcesBuildPhase;
			buildActionMask = 2147483647;
			files = (
				DA49736F1D8BF8CB0032B0B6 /* PhotoDataSource.m in Sources */,
				DA15F24B1D7DDCF7008E6310 /* AppDelegate.m in Sources */,
				DA4973781D8BF8F40032B0B6 /* Photo.m in Sources */,
				DA4973981D8BF98E0032B0B6 /* PreviewViewController.m in Sources */,
				DA15F2481D7DDCF7008E6310 /* main.m in Sources */,
				DA4973961D8BF98E0032B0B6 /* LoginViewController.m in Sources */,
				DA4973821D8BF92A0032B0B6 /* VKLoginService.m in Sources */,
				DA49737B1D8BF8FB0032B0B6 /* PhotoMapper.m in Sources */,
				DA49738E1D8BF9760032B0B6 /* PhotoCell.m in Sources */,
				DA4973861D8BF9410032B0B6 /* VKPhotoService.m in Sources */,
				DA4973971D8BF98E0032B0B6 /* PhotoViewController.m in Sources */,
				DA4973751D8BF8E40032B0B6 /* CollectionViewUtilities.m in Sources */,
				DA49737E1D8BF9120032B0B6 /* AppCache.m in Sources */,
				DA4973721D8BF8D70032B0B6 /* PreviewDataSource.m in Sources */,
				DA49738F1D8BF9760032B0B6 /* ThumbnailCell.m in Sources */,
				DA4973891D8BF9510032B0B6 /* APIClient.m in Sources */,
			);
			runOnlyForDeploymentPostprocessing = 0;
		};
/* End PBXSourcesBuildPhase section */

/* Begin PBXVariantGroup section */
		DA15F2541D7DDCF7008E6310 /* LaunchScreen.storyboard */ = {
			isa = PBXVariantGroup;
			children = (
				DA15F2551D7DDCF7008E6310 /* Base */,
			);
			name = LaunchScreen.storyboard;
			sourceTree = "<group>";
		};
/* End PBXVariantGroup section */

/* Begin XCBuildConfiguration section */
		DA15F2581D7DDCF7008E6310 /* Debug */ = {
			isa = XCBuildConfiguration;
			buildSettings = {
				ALWAYS_SEARCH_USER_PATHS = NO;
				CLANG_ANALYZER_NONNULL = YES;
				CLANG_CXX_LANGUAGE_STANDARD = "gnu++0x";
				CLANG_CXX_LIBRARY = "libc++";
				CLANG_ENABLE_MODULES = YES;
				CLANG_ENABLE_OBJC_ARC = YES;
				CLANG_WARN_BOOL_CONVERSION = YES;
				CLANG_WARN_CONSTANT_CONVERSION = YES;
				CLANG_WARN_DIRECT_OBJC_ISA_USAGE = YES_ERROR;
				CLANG_WARN_EMPTY_BODY = YES;
				CLANG_WARN_ENUM_CONVERSION = YES;
				CLANG_WARN_INT_CONVERSION = YES;
				CLANG_WARN_OBJC_ROOT_CLASS = YES_ERROR;
				CLANG_WARN_UNREACHABLE_CODE = YES;
				CLANG_WARN__DUPLICATE_METHOD_MATCH = YES;
				"CODE_SIGN_IDENTITY[sdk=iphoneos*]" = "iPhone Developer";
				COPY_PHASE_STRIP = NO;
				DEBUG_INFORMATION_FORMAT = dwarf;
				ENABLE_STRICT_OBJC_MSGSEND = YES;
				ENABLE_TESTABILITY = YES;
				GCC_C_LANGUAGE_STANDARD = gnu99;
				GCC_DYNAMIC_NO_PIC = NO;
				GCC_NO_COMMON_BLOCKS = YES;
				GCC_OPTIMIZATION_LEVEL = 0;
				GCC_PREPROCESSOR_DEFINITIONS = (
					"DEBUG=1",
					"$(inherited)",
				);
				GCC_WARN_64_TO_32_BIT_CONVERSION = YES;
				GCC_WARN_ABOUT_RETURN_TYPE = YES_ERROR;
				GCC_WARN_UNDECLARED_SELECTOR = YES;
				GCC_WARN_UNINITIALIZED_AUTOS = YES_AGGRESSIVE;
				GCC_WARN_UNUSED_FUNCTION = YES;
				GCC_WARN_UNUSED_VARIABLE = YES;
				IPHONEOS_DEPLOYMENT_TARGET = 9.0;
				MTL_ENABLE_DEBUG_INFO = YES;
				ONLY_ACTIVE_ARCH = YES;
				SDKROOT = iphoneos;
			};
			name = Debug;
		};
		DA15F2591D7DDCF7008E6310 /* Release */ = {
			isa = XCBuildConfiguration;
			buildSettings = {
				ALWAYS_SEARCH_USER_PATHS = NO;
				CLANG_ANALYZER_NONNULL = YES;
				CLANG_CXX_LANGUAGE_STANDARD = "gnu++0x";
				CLANG_CXX_LIBRARY = "libc++";
				CLANG_ENABLE_MODULES = YES;
				CLANG_ENABLE_OBJC_ARC = YES;
				CLANG_WARN_BOOL_CONVERSION = YES;
				CLANG_WARN_CONSTANT_CONVERSION = YES;
				CLANG_WARN_DIRECT_OBJC_ISA_USAGE = YES_ERROR;
				CLANG_WARN_EMPTY_BODY = YES;
				CLANG_WARN_ENUM_CONVERSION = YES;
				CLANG_WARN_INT_CONVERSION = YES;
				CLANG_WARN_OBJC_ROOT_CLASS = YES_ERROR;
				CLANG_WARN_UNREACHABLE_CODE = YES;
				CLANG_WARN__DUPLICATE_METHOD_MATCH = YES;
				"CODE_SIGN_IDENTITY[sdk=iphoneos*]" = "iPhone Developer";
				COPY_PHASE_STRIP = NO;
				DEBUG_INFORMATION_FORMAT = "dwarf-with-dsym";
				ENABLE_NS_ASSERTIONS = NO;
				ENABLE_STRICT_OBJC_MSGSEND = YES;
				GCC_C_LANGUAGE_STANDARD = gnu99;
				GCC_NO_COMMON_BLOCKS = YES;
				GCC_WARN_64_TO_32_BIT_CONVERSION = YES;
				GCC_WARN_ABOUT_RETURN_TYPE = YES_ERROR;
				GCC_WARN_UNDECLARED_SELECTOR = YES;
				GCC_WARN_UNINITIALIZED_AUTOS = YES_AGGRESSIVE;
				GCC_WARN_UNUSED_FUNCTION = YES;
				GCC_WARN_UNUSED_VARIABLE = YES;
				IPHONEOS_DEPLOYMENT_TARGET = 9.0;
				MTL_ENABLE_DEBUG_INFO = NO;
				SDKROOT = iphoneos;
				VALIDATE_PRODUCT = YES;
			};
			name = Release;
		};
		DA15F25B1D7DDCF7008E6310 /* Debug */ = {
			isa = XCBuildConfiguration;
			baseConfigurationReference = 487F2124D6EA42FD1C37B227 /* Pods.debug.xcconfig */;
			buildSettings = {
				ASSETCATALOG_COMPILER_APPICON_NAME = AppIcon;
				INFOPLIST_FILE = VKPhotoViewer/Info.plist;
				IPHONEOS_DEPLOYMENT_TARGET = 9.0;
				LD_RUNPATH_SEARCH_PATHS = "$(inherited) @executable_path/Frameworks";
				PRODUCT_BUNDLE_IDENTIFIER = st.SK.VKPhotoViewer;
				PRODUCT_NAME = "$(TARGET_NAME)";
			};
			name = Debug;
		};
		DA15F25C1D7DDCF7008E6310 /* Release */ = {
			isa = XCBuildConfiguration;
			baseConfigurationReference = 80A78955DBE9D7BBA8BA3008 /* Pods.release.xcconfig */;
			buildSettings = {
				ASSETCATALOG_COMPILER_APPICON_NAME = AppIcon;
				INFOPLIST_FILE = VKPhotoViewer/Info.plist;
				IPHONEOS_DEPLOYMENT_TARGET = 9.0;
				LD_RUNPATH_SEARCH_PATHS = "$(inherited) @executable_path/Frameworks";
				PRODUCT_BUNDLE_IDENTIFIER = st.SK.VKPhotoViewer;
				PRODUCT_NAME = "$(TARGET_NAME)";
			};
			name = Release;
		};
/* End XCBuildConfiguration section */

/* Begin XCConfigurationList section */
		DA15F23E1D7DDCF7008E6310 /* Build configuration list for PBXProject "VKPhotoViewer" */ = {
			isa = XCConfigurationList;
			buildConfigurations = (
				DA15F2581D7DDCF7008E6310 /* Debug */,
				DA15F2591D7DDCF7008E6310 /* Release */,
			);
			defaultConfigurationIsVisible = 0;
			defaultConfigurationName = Release;
		};
		DA15F25A1D7DDCF7008E6310 /* Build configuration list for PBXNativeTarget "VKPhotoViewer" */ = {
			isa = XCConfigurationList;
			buildConfigurations = (
				DA15F25B1D7DDCF7008E6310 /* Debug */,
				DA15F25C1D7DDCF7008E6310 /* Release */,
			);
			defaultConfigurationIsVisible = 0;
			defaultConfigurationName = Release;
		};
/* End XCConfigurationList section */
	};
	rootObject = DA15F23B1D7DDCF7008E6310 /* Project object */;
}
